// !$*UTF8*$!
{
	archiveVersion = 1;
	classes = {
	};
	objectVersion = 46;
	objects = {

/* Begin PBXBuildFile section */
		44C50383166E93EB007D9DEA /* main.cpp in Sources */ = {isa = PBXBuildFile; fileRef = 44C50382166E93EB007D9DEA /* main.cpp */; };
		44C50385166E93EB007D9DEA /* ProductionSystem.1 in CopyFiles */ = {isa = PBXBuildFile; fileRef = 44C50384166E93EB007D9DEA /* ProductionSystem.1 */; };
/* End PBXBuildFile section */

/* Begin PBXCopyFilesBuildPhase section */
		44C5037C166E93EB007D9DEA /* CopyFiles */ = {
			isa = PBXCopyFilesBuildPhase;
			buildActionMask = 2147483647;
			dstPath = /usr/share/man/man1/;
			dstSubfolderSpec = 0;
			files = (
				44C50385166E93EB007D9DEA /* ProductionSystem.1 in CopyFiles */,
			);
			runOnlyForDeploymentPostprocessing = 1;
		};
/* End PBXCopyFilesBuildPhase section */

/* Begin PBXFileReference section */
		44C5037E166E93EB007D9DEA /* ProductionSystem */ = {isa = PBXFileReference; explicitFileType = "compiled.mach-o.executable"; includeInIndex = 0; path = ProductionSystem; sourceTree = BUILT_PRODUCTS_DIR; };
		44C50382166E93EB007D9DEA /* main.cpp */ = {isa = PBXFileReference; lastKnownFileType = sourcecode.cpp.cpp; path = main.cpp; sourceTree = "<group>"; };
		44C50384166E93EB007D9DEA /* ProductionSystem.1 */ = {isa = PBXFileReference; lastKnownFileType = text.man; path = ProductionSystem.1; sourceTree = "<group>"; };
		44C5038B166E9427007D9DEA /* output.txt */ = {isa = PBXFileReference; fileEncoding = 4; lastKnownFileType = text; path = output.txt; sourceTree = "<group>"; };
		44C5038C166E9427007D9DEA /* input.txt */ = {isa = PBXFileReference; fileEncoding = 4; lastKnownFileType = text; path = input.txt; sourceTree = "<group>"; };
/* End PBXFileReference section */

/* Begin PBXFrameworksBuildPhase section */
		44C5037B166E93EB007D9DEA /* Frameworks */ = {
			isa = PBXFrameworksBuildPhase;
			buildActionMask = 2147483647;
			files = (
			);
			runOnlyForDeploymentPostprocessing = 0;
		};
/* End PBXFrameworksBuildPhase section */

/* Begin PBXGroup section */
		44C50373166E93EA007D9DEA = {
			isa = PBXGroup;
			children = (
				44C50381166E93EB007D9DEA /* ProductionSystem */,
				44C5037F166E93EB007D9DEA /* Products */,
			);
			sourceTree = "<group>";
		};
		44C5037F166E93EB007D9DEA /* Products */ = {
			isa = PBXGroup;
			children = (
				44C5037E166E93EB007D9DEA /* ProductionSystem */,
			);
			name = Products;
			sourceTree = "<group>";
		};
		44C50381166E93EB007D9DEA /* ProductionSystem */ = {
			isa = PBXGroup;
			children = (
				44C50382166E93EB007D9DEA /* main.cpp */,
				44C5038C166E9427007D9DEA /* input.txt */,
				44C5038B166E9427007D9DEA /* output.txt */,
				44C50384166E93EB007D9DEA /* ProductionSystem.1 */,
			);
			path = ProductionSystem;
			sourceTree = "<group>";
		};
/* End PBXGroup section */

/* Begin PBXNativeTarget section */
		44C5037D166E93EB007D9DEA /* ProductionSystem */ = {
			isa = PBXNativeTarget;
			buildConfigurationList = 44C50388166E93EB007D9DEA /* Build configuration list for PBXNativeTarget "ProductionSystem" */;
			buildPhases = (
				44C5037A166E93EB007D9DEA /* Sources */,
				44C5037B166E93EB007D9DEA /* Frameworks */,
				44C5037C166E93EB007D9DEA /* CopyFiles */,
			);
			buildRules = (
			);
			dependencies = (
			);
			name = ProductionSystem;
			productName = ProductionSystem;
			productReference = 44C5037E166E93EB007D9DEA /* ProductionSystem */;
			productType = "com.apple.product-type.tool";
		};
/* End PBXNativeTarget section */

/* Begin PBXProject section */
		44C50375166E93EA007D9DEA /* Project object */ = {
			isa = PBXProject;
			attributes = {
				LastUpgradeCheck = 0450;
				ORGANIZATIONNAME = "Ruslan Skorb";
			};
			buildConfigurationList = 44C50378166E93EA007D9DEA /* Build configuration list for PBXProject "ProductionSystem" */;
			compatibilityVersion = "Xcode 3.2";
			developmentRegion = English;
			hasScannedForEncodings = 0;
			knownRegions = (
				en,
			);
			mainGroup = 44C50373166E93EA007D9DEA;
			productRefGroup = 44C5037F166E93EB007D9DEA /* Products */;
			projectDirPath = "";
			projectRoot = "";
			targets = (
				44C5037D166E93EB007D9DEA /* ProductionSystem */,
			);
		};
/* End PBXProject section */

/* Begin PBXSourcesBuildPhase section */
		44C5037A166E93EB007D9DEA /* Sources */ = {
			isa = PBXSourcesBuildPhase;
			buildActionMask = 2147483647;
			files = (
				44C50383166E93EB007D9DEA /* main.cpp in Sources */,
			);
			runOnlyForDeploymentPostprocessing = 0;
		};
/* End PBXSourcesBuildPhase section */

/* Begin XCBuildConfiguration section */
		44C50386166E93EB007D9DEA /* Debug */ = {
			isa = XCBuildConfiguration;
			buildSettings = {
				ALWAYS_SEARCH_USER_PATHS = NO;
				ARCHS = "$(ARCHS_STANDARD_64_BIT)";
				CLANG_CXX_LANGUAGE_STANDARD = "gnu++0x";
				CLANG_CXX_LIBRARY = "libc++";
				CLANG_WARN_EMPTY_BODY = YES;
				CLANG_WARN__DUPLICATE_METHOD_MATCH = YES;
				COPY_PHASE_STRIP = NO;
				GCC_C_LANGUAGE_STANDARD = gnu99;
				GCC_DYNAMIC_NO_PIC = NO;
				GCC_ENABLE_OBJC_EXCEPTIONS = YES;
				GCC_OPTIMIZATION_LEVEL = 0;
				GCC_PREPROCESSOR_DEFINITIONS = (
					"DEBUG=1",
					"$(inherited)",
				);
				GCC_SYMBOLS_PRIVATE_EXTERN = NO;
				GCC_WARN_64_TO_32_BIT_CONVERSION = YES;
				GCC_WARN_ABOUT_RETURN_TYPE = YES;
				GCC_WARN_UNINITIALIZED_AUTOS = YES;
				GCC_WARN_UNUSED_VARIABLE = YES;
				MACOSX_DEPLOYMENT_TARGET = 10.8;
				ONLY_ACTIVE_ARCH = YES;
				SDKROOT = macosx;
			};
			name = Debug;
		};
		44C50387166E93EB007D9DEA /* Release */ = {
			isa = XCBuildConfiguration;
			buildSettings = {
				ALWAYS_SEARCH_USER_PATHS = NO;
				ARCHS = "$(ARCHS_STANDARD_64_BIT)";
				CLANG_CXX_LANGUAGE_STANDARD = "gnu++0x";
				CLANG_CXX_LIBRARY = "libc++";
				CLANG_WARN_EMPTY_BODY = YES;
				CLANG_WARN__DUPLICATE_METHOD_MATCH = YES;
				COPY_PHASE_STRIP = YES;
				DEBUG_INFORMATION_FORMAT = "dwarf-with-dsym";
				GCC_C_LANGUAGE_STANDARD = gnu99;
				GCC_ENABLE_OBJC_EXCEPTIONS = YES;
				GCC_WARN_64_TO_32_BIT_CONVERSION = YES;
				GCC_WARN_ABOUT_RETURN_TYPE = YES;
				GCC_WARN_UNINITIALIZED_AUTOS = YES;
				GCC_WARN_UNUSED_VARIABLE = YES;
				MACOSX_DEPLOYMENT_TARGET = 10.8;
				SDKROOT = macosx;
			};
			name = Release;
		};
		44C50389166E93EB007D9DEA /* Debug */ = {
			isa = XCBuildConfiguration;
			buildSettings = {
				PRODUCT_NAME = "$(TARGET_NAME)";
			};
			name = Debug;
		};
		44C5038A166E93EB007D9DEA /* Release */ = {
			isa = XCBuildConfiguration;
			buildSettings = {
				PRODUCT_NAME = "$(TARGET_NAME)";
			};
			name = Release;
		};
/* End XCBuildConfiguration section */

/* Begin XCConfigurationList section */
		44C50378166E93EA007D9DEA /* Build configuration list for PBXProject "ProductionSystem" */ = {
			isa = XCConfigurationList;
			buildConfigurations = (
				44C50386166E93EB007D9DEA /* Debug */,
				44C50387166E93EB007D9DEA /* Release */,
			);
			defaultConfigurationIsVisible = 0;
			defaultConfigurationName = Release;
		};
		44C50388166E93EB007D9DEA /* Build configuration list for PBXNativeTarget "ProductionSystem" */ = {
			isa = XCConfigurationList;
			buildConfigurations = (
				44C50389166E93EB007D9DEA /* Debug */,
				44C5038A166E93EB007D9DEA /* Release */,
			);
			defaultConfigurationIsVisible = 0;
		};
/* End XCConfigurationList section */
	};
	rootObject = 44C50375166E93EA007D9DEA /* Project object */;
}
